
Microsoft Visual Studio Solution File, Format Version 12.00
# Visual Studio Version 17
VisualStudioVersion = 17.5.002.0
MinimumVisualStudioVersion = 10.0.40219.1
Project("{9A19103F-16F7-4668-BE54-9A1E7A4F7556}") = "Task 1", "Task 1\Task 1.csproj", "{F24378CB-143F-4E3B-9C45-886F709009A6}"
EndProject
Project("{9A19103F-16F7-4668-BE54-9A1E7A4F7556}") = "Task 2", "Task 2\Task 2.csproj", "{8257E9E9-15B7-4003-AAD0-30431D7A619A}"
EndProject
Global
	GlobalSection(SolutionConfigurationPlatforms) = preSolution
		Debug|Any CPU = Debug|Any CPU
		Release|Any CPU = Release|Any CPU
	EndGlobalSection
	GlobalSection(ProjectConfigurationPlatforms) = postSolution
		{F24378CB-143F-4E3B-9C45-886F709009A6}.Debug|Any CPU.ActiveCfg = Debug|Any CPU
		{F24378CB-143F-4E3B-9C45-886F709009A6}.Debug|Any CPU.Build.0 = Debug|Any CPU
		{F24378CB-143F-4E3B-9C45-886F709009A6}.Release|Any CPU.ActiveCfg = Release|Any CPU
		{F24378CB-143F-4E3B-9C45-886F709009A6}.Release|Any CPU.Build.0 = Release|Any CPU
		{8257E9E9-15B7-4003-AAD0-30431D7A619A}.Debug|Any CPU.ActiveCfg = Debug|Any CPU
		{8257E9E9-15B7-4003-AAD0-30431D7A619A}.Debug|Any CPU.Build.0 = Debug|Any CPU
		{8257E9E9-15B7-4003-AAD0-30431D7A619A}.Release|Any CPU.ActiveCfg = Release|Any CPU
		{8257E9E9-15B7-4003-AAD0-30431D7A619A}.Release|Any CPU.Build.0 = Release|Any CPU
	EndGlobalSection
	GlobalSection(SolutionProperties) = preSolution
		HideSolutionNode = FALSE
	EndGlobalSection
	GlobalSection(ExtensibilityGlobals) = postSolution
		SolutionGuid = {40748279-D1DF-4E35-8B68-17446AED936E}
	EndGlobalSection
EndGlobal
